{
  "version": 4,
  "terraform_version": "1.10.5",
  "serial": 3,
  "lineage": "877b17cb-8379-f21f-5833-e42494d863ea",
  "outputs": {},
  "resources": [
    {
      "mode": "managed",
      "type": "oci_core_vcn",
      "name": "example_vcn3",
      "provider": "provider[\"registry.terraform.io/hashicorp/oci\"]",
      "instances": [
        {
          "schema_version": 0,
          "attributes": {
            "byoipv6cidr_blocks": [],
            "byoipv6cidr_details": null,
            "cidr_block": "10.2.0.0/16",
            "cidr_blocks": [
              "10.2.0.0/16"
            ],
            "compartment_id": "ocid1.compartment.oc1..aaaaaaaaf6wh2c7zfuqfvbvdvtjivr3hwik3dsxdp3zlccf7hfsu4l2s6ssq",
            "default_dhcp_options_id": "ocid1.dhcpoptions.oc1.ap-sydney-1.aaaaaaaax3r5wpp5ag35aehjghvuab73k6ot7bun5g3xfhk7xkaxhs2rc7ea",
            "default_route_table_id": "ocid1.routetable.oc1.ap-sydney-1.aaaaaaaalx5gtgbaivps4uoc7k7cugiikhc74nhaimomm5i352jfd33hwelq",
            "default_security_list_id": "ocid1.securitylist.oc1.ap-sydney-1.aaaaaaaajrnrr5xk7f5huqygn744ijxtl7zcyf7lojv2slj44tp6o2noya6q",
            "defined_tags": {
              "Oracle-Tags.CreatedBy": "deloitteadvisorycyberdomain/jatimalhotra@deloitte.com",
              "Oracle-Tags.CreatedOn": "2025-06-01T09:21:33.317Z",
              "root.created_by": "deloitteadvisorycyberdomain/jatimalhotra@deloitte.com",
              "root.created_on": "2025-06-01T09:21:33.316Z"
            },
            "display_name": "example-vcn2",
            "dns_label": null,
            "freeform_tags": {},
            "id": "ocid1.vcn.oc1.ap-sydney-1.amaaaaaar7fyw2qadhfkd4likt2ojt44xn2uruts4uorxq3c2rfunxq5dc2q",
            "ipv6cidr_blocks": [],
            "ipv6private_cidr_blocks": [],
            "is_ipv6enabled": false,
            "is_oracle_gua_allocation_enabled": null,
            "security_attributes": {},
            "state": "AVAILABLE",
            "time_created": "2025-06-01 09:21:33.355 +0000 UTC",
            "timeouts": null,
            "vcn_domain_name": null
          },
          "sensitive_attributes": [],
          "private": "eyJlMmJmYjczMC1lY2FhLTExZTYtOGY4OC0zNDM2M2JjN2M0YzAiOnsiY3JlYXRlIjoxMjAwMDAwMDAwMDAwLCJkZWxldGUiOjEyMDAwMDAwMDAwMDAsInVwZGF0ZSI6MTIwMDAwMDAwMDAwMH19"
        }
      ]
    }
  ],
  "check_results": null
}
